4080589522786448418
Catch2 e5c9a58d66ff0780e956b5447573af9d6b9b2ca3
zlib 1e1dfdedddb54a2e2cb8fec3b67f925233c495aa
boost d60b850a4be7e7690e4098c0e55125608c040d28
clipper 904f0e6644c7f01c176443613be8f7788d59c658
concurrentqueue ef2227ada6f76cd65e517b7a6e902964443c0ffc
conf 7b687da879396cf5f2692121a0e3735444e7700e
fmt 34d0435ad07feb55dabd64d99482dd5d28972584
doctest be2e8545eb0b33227b4e7bd0361f1cc89549262c
geo c925fb042fa6c717ee4caad50f6230345ff40f40
libosmium 672690671b26a38eb163c2487012f50100b7ee74
lmdb 39d8127e5697b1323a67e61c3ad8f087384c7429
lua 7bb93325b26f84c7e8b51fcbd857361ce7605a1d
miniz 1edbdece9d71dc65c6ff405572ee37cbdcef7af4
res c500c261531a2b8b8d475fc9d42c075f28f72aaf
pbf-sdf-fonts 91b369e4eb8a618e0a83b0c04b1b08632ea872c4
protozero 8c9f3fa97c2cfdceef86d0b61818ae98e9328f29
sol2 fdb0f8a60e48aa737f0a8d73edede48627f0c984
utl 8a293414defd6fac4d2448b4ea1afca766f71730
variant 3c7fc8266bb46046b42c2dc2663f9f505f0cec28
